github.com/go-chi/chi/v5 v5.0.10 h1:rLz5avzKpjqxrYwXNfmjkrYYXOyLJd37pz53UFHC6vk=
github.com/go-chi/chi/v5 v5.0.10/go.mod h1:DslCQbL2OYiznFReuXYUmQ2hGd1aDpCnlMNITLSKoi8=
github.com/madflojo/tasks v1.1.0 h1:CHQhzdot1MdAlWLw/VOa69SRZ28VQ+gbSf9lI55aSsM=
github.com/madflojo/tasks v1.1.0/go.mod h1:h0cJ1gYqIBzczyg0tyEqGAbIltbxxhUsMMKnaQa9IPc=
github.com/rs/xid v1.5.0 h1:mKX4bl4iPYJtEIxp6CYiUuLQ/8DYMoz0PUdtGgMFRVc=
github.com/rs/xid v1.5.0/go.mod h1:trrq9SKmegXys3aeAKXMUTdJsYXVwGY3RLcfgqegfbg=
